
Microsoft Visual Studio Solution File, Format Version 12.00
# Visual Studio Version 16
VisualStudioVersion = 16.0.29411.108
MinimumVisualStudioVersion = 10.0.40219.1
Project("{FAE04EC0-301F-11D3-BF4B-00C04F79EFBC}") = "Yearthreeproject", "Yearthreeproject.csproj", "{C490B99A-8A6E-4BB0-9BD2-124867D88CE0}"
EndProject
Global
	GlobalSection(SolutionConfigurationPlatforms) = preSolution
		Debug|Any CPU = Debug|Any CPU
		Release|Any CPU = Release|Any CPU
	EndGlobalSection
	GlobalSection(ProjectConfigurationPlatforms) = postSolution
		{C490B99A-8A6E-4BB0-9BD2-124867D88CE0}.Debug|Any CPU.ActiveCfg = Debug|Any CPU
		{C490B99A-8A6E-4BB0-9BD2-124867D88CE0}.Debug|Any CPU.Build.0 = Debug|Any CPU
		{C490B99A-8A6E-4BB0-9BD2-124867D88CE0}.Release|Any CPU.ActiveCfg = Release|Any CPU
		{C490B99A-8A6E-4BB0-9BD2-124867D88CE0}.Release|Any CPU.Build.0 = Release|Any CPU
	EndGlobalSection
	GlobalSection(SolutionProperties) = preSolution
		HideSolutionNode = FALSE
	EndGlobalSection
	GlobalSection(ExtensibilityGlobals) = postSolution
		SolutionGuid = {789BE328-7FCA-4715-A813-1F3380A03DEF}
	EndGlobalSection
EndGlobal
